
Microsoft Visual Studio Solution File, Format Version 12.00
# Visual Studio Version 16
VisualStudioVersion = 16.0.31105.61
MinimumVisualStudioVersion = 10.0.40219.1
Project("{FAE04EC0-301F-11D3-BF4B-00C04F79EFBC}") = "Responsi UAS", "Responsi UAS\Responsi UAS.csproj", "{C05BE62E-FB6C-4204-8424-6671F3541467}"
EndProject
Global
	GlobalSection(SolutionConfigurationPlatforms) = preSolution
		Debug|Any CPU = Debug|Any CPU
		Release|Any CPU = Release|Any CPU
	EndGlobalSection
	GlobalSection(ProjectConfigurationPlatforms) = postSolution
		{C05BE62E-FB6C-4204-8424-6671F3541467}.Debug|Any CPU.ActiveCfg = Debug|Any CPU
		{C05BE62E-FB6C-4204-8424-6671F3541467}.Debug|Any CPU.Build.0 = Debug|Any CPU
		{C05BE62E-FB6C-4204-8424-6671F3541467}.Release|Any CPU.ActiveCfg = Release|Any CPU
		{C05BE62E-FB6C-4204-8424-6671F3541467}.Release|Any CPU.Build.0 = Release|Any CPU
	EndGlobalSection
	GlobalSection(SolutionProperties) = preSolution
		HideSolutionNode = FALSE
	EndGlobalSection
	GlobalSection(ExtensibilityGlobals) = postSolution
		SolutionGuid = {E43BE36D-D0AB-45C2-AE52-84B761F5AE58}
	EndGlobalSection
EndGlobal
