
Microsoft Visual Studio Solution File, Format Version 12.00
# Visual Studio Version 16
VisualStudioVersion = 16.0.31025.194
MinimumVisualStudioVersion = 10.0.40219.1
Project("{FAE04EC0-301F-11D3-BF4B-00C04F79EFBC}") = "Kalkulator", "Kalkulator\Kalkulator.csproj", "{9DAE398E-0CF2-4614-B423-DAB481230F56}"
EndProject
Global
	GlobalSection(SolutionConfigurationPlatforms) = preSolution
		Debug|Any CPU = Debug|Any CPU
		Release|Any CPU = Release|Any CPU
	EndGlobalSection
	GlobalSection(ProjectConfigurationPlatforms) = postSolution
		{9DAE398E-0CF2-4614-B423-DAB481230F56}.Debug|Any CPU.ActiveCfg = Debug|Any CPU
		{9DAE398E-0CF2-4614-B423-DAB481230F56}.Debug|Any CPU.Build.0 = Debug|Any CPU
		{9DAE398E-0CF2-4614-B423-DAB481230F56}.Release|Any CPU.ActiveCfg = Release|Any CPU
		{9DAE398E-0CF2-4614-B423-DAB481230F56}.Release|Any CPU.Build.0 = Release|Any CPU
	EndGlobalSection
	GlobalSection(SolutionProperties) = preSolution
		HideSolutionNode = FALSE
	EndGlobalSection
	GlobalSection(ExtensibilityGlobals) = postSolution
		SolutionGuid = {A2F43FCE-BBF1-426E-A20F-69CADCB66BBF}
	EndGlobalSection
EndGlobal
